// !$*UTF8*$!
{
	archiveVersion = 1;
	classes = {
	};
	objectVersion = 45;
	objects = {

		AC674433358C3691C8AC20AF = { isa = PBXBuildFile; fileRef = E226D5DEE103B1E298BD6E3E; };
		449473E31270237B0FFEBE72 = { isa = PBXBuildFile; fileRef = D036C01DC0E376205ABAA0CE; };
		0860A8808F16C84CE7641D04 = { isa = PBXBuildFile; fileRef = 91F0411829B13595887CE52A; };
		EF358E6194DB7EE60A1CE13D = { isa = PBXBuildFile; fileRef = 41FDE3A9AC13B3D1F230088E; };
		53E2C1531CB485CCDD230774 = { isa = PBXBuildFile; fileRef = 88C8229131104E50F4F0D137; };
		B9C31FD116F29E7E4752EB90 = { isa = PBXBuildFile; fileRef = 423550EB3CF502541882C50E; };
		AFB1D55C5DA4C99D90DF3A6A = { isa = PBXBuildFile; fileRef = A2A2E49121DBB7C395E2420A; };
		370C0F92C3CC1B6C563A7A94 = { isa = PBXBuildFile; fileRef = FBA2E307398FFC8A2693C933; };
		205AA28314AC784F2CF1FA98 = { isa = PBXBuildFile; fileRef = B4F88060202011416CB3278B; };
		68746D242F6A6102FDD5D03D = { isa = PBXBuildFile; fileRef = B050085463EEB5F8367314CB; };
		CBE9E6042991B0677E3136D2 = { isa = PBXBuildFile; fileRef = 678CC9E413A7CF979964CEF7; };
		73B8F48633153DA5A10873E8 = { isa = PBXBuildFile; fileRef = 01A30B0A0B9B5064D9B75474; };
		50BB992879D853F89A96A73B = { isa = PBXBuildFile; fileRef = 6D1E208BAB0190FAA087E890; };
		5AF66C048A4815F5A8ECDDCD = { isa = PBXBuildFile; fileRef = B50846B34831C2C28007BE7D; };
		931B1CF382776BF5A1302413 = { isa = PBXBuildFile; fileRef = 1FB22F6A54D93FF70EEDC138; };
		594A16C3B32313538E3E85A0 = { isa = PBXBuildFile; fileRef = 667D3E85F67932542A9B137E; };
		D2B5BA4A2E487A8088C286C7 = { isa = PBXBuildFile; fileRef = 9082B5CB0707A55D380CEC5B; };
		78C5C5083747BFB8760A0E26 = { isa = PBXBuildFile; fileRef = 07B1785203CF423EA94D8647; };
		026D6BBF5C4DAA3BFA4314D5 = { isa = PBXBuildFile; fileRef = 793DC9900836CAF01A8A930E; };
		FDB2EADB6866550CDEEEB0B6 = { isa = PBXBuildFile; fileRef = A28E3E34EF0B83113A98EC5A; };
		209FB8C7F7BE85A70E5D98D7 = { isa = PBXBuildFile; fileRef = 2C001306D198F8B21ABA7375; };
		FCBE5E362D27F4526E87D77F = { isa = PBXBuildFile; fileRef = D9AF16D6483120CC8A1261BC; };
		26077AC57F272FA5055A1B46 = { isa = PBXBuildFile; fileRef = 2AE2C7CBA4A1FB3A3A12F9A1; };
		31FD9D2EC6D46B84967F0D35 = { isa = PBXBuildFile; fileRef = 100F8B40B69A9A1E784DCD02; };
		9D879FBEBEB5094ADF4DE490 = { isa = PBXBuildFile; fileRef = 8E429F6F47FC51BB19636553; };
		E860CC045C21B1D7974B511B = { isa = PBXBuildFile; fileRef = FF416AF914700894F05E475F; };
		9CC8E0CA3EF9A6A071F6FAB3 = { isa = PBXBuildFile; fileRef = 3C52885E8AE69B042CD50D28; };
		A7452B58497403DFA028A368 = { isa = PBXBuildFile; fileRef = B564DB07AEF07EA43418BB94; };
		5FDB051DD5B7AEC62DD36D89 = { isa = PBXBuildFile; fileRef = 3756318EB00CFF5F9768CDF5; };
		521F3A813342566F8F7B5747 = { isa = PBXBuildFile; fileRef = 2B1CE71C546B107666DC73CE; };
		4A5D916395813B4FC0643D95 = { isa = PBXBuildFile; fileRef = 7917926363A521E59517E86C; };
		A623B3A5A7DC45F4CDB477F3 = { isa = PBXBuildFile; fileRef = A6CF7D26F81253A3E1D13CBF; };
		F75BF174D28D9F1A335352AD = { isa = PBXBuildFile; fileRef = 6DA9DF39A55A53E6BED85E12; };
		99CB24952ADDDFA320CB3B23 = { isa = PBXBuildFile; fileRef = 21CE5C9490494A2139D61408; };
		9551342606A895BB5BA07F2E = { isa = PBXBuildFile; fileRef = 6AE52580AD24BD551DB99758; };
		A1E844C7D2636CC38585B429 = { isa = PBXBuildFile; fileRef = B31CFE8BBA103078E19D1B97; };
		BD7E5458BE2F33DBBF5AF834 = { isa = PBXBuildFile; fileRef = FD33B687C6FBA3ABC581AFD7; };
		E226D5DEE103B1E298BD6E3E = { isa = PBXFileReference; lastKnownFileType = wrapper.framework; name = AudioToolbox.framework; path = System/Library/Frameworks/AudioToolbox.framework; sourceTree = SDKROOT; };
		D036C01DC0E376205ABAA0CE = { isa = PBXFileReference; lastKnownFileType = wrapper.framework; name = Carbon.framework; path = System/Library/Frameworks/Carbon.framework; sourceTree = SDKROOT; };
		91F0411829B13595887CE52A = { isa = PBXFileReference; lastKnownFileType = wrapper.framework; name = Cocoa.framework; path = System/Library/Frameworks/Cocoa.framework; sourceTree = SDKROOT; };
		41FDE3A9AC13B3D1F230088E = { isa = PBXFileReference; lastKnownFileType = wrapper.framework; name = CoreAudio.framework; path = System/Library/Frameworks/CoreAudio.framework; sourceTree = SDKROOT; };
		88C8229131104E50F4F0D137 = { isa = PBXFileReference; lastKnownFileType = wrapper.framework; name = CoreMIDI.framework; path = System/Library/Frameworks/CoreMIDI.framework; sourceTree = SDKROOT; };
		423550EB3CF502541882C50E = { isa = PBXFileReference; lastKnownFileType = wrapper.framework; name = DiscRecording.framework; path = System/Library/Frameworks/DiscRecording.framework; sourceTree = SDKROOT; };
		A2A2E49121DBB7C395E2420A = { isa = PBXFileReference; lastKnownFileType = wrapper.framework; name = IOKit.framework; path = System/Library/Frameworks/IOKit.framework; sourceTree = SDKROOT; };
		FBA2E307398FFC8A2693C933 = { isa = PBXFileReference; lastKnownFileType = wrapper.framework; name = OpenGL.framework; path = System/Library/Frameworks/OpenGL.framework; sourceTree = SDKROOT; };
		B4F88060202011416CB3278B = { isa = PBXFileReference; lastKnownFileType = wrapper.framework; name = QTKit.framework; path = System/Library/Frameworks/QTKit.framework; sourceTree = SDKROOT; };
		B050085463EEB5F8367314CB = { isa = PBXFileReference; lastKnownFileType = wrapper.framework; name = QuartzCore.framework; path = System/Library/Frameworks/QuartzCore.framework; sourceTree = SDKROOT; };
		678CC9E413A7CF979964CEF7 = { isa = PBXFileReference; lastKnownFileType = wrapper.framework; name = QuickTime.framework; path = System/Library/Frameworks/QuickTime.framework; sourceTree = SDKROOT; };
		01A30B0A0B9B5064D9B75474 = { isa = PBXFileReference; lastKnownFileType = wrapper.framework; name = WebKit.framework; path = System/Library/Frameworks/WebKit.framework; sourceTree = SDKROOT; };
		AF721FB8136D2CAA9404AD8D = { isa = PBXFileReference; explicitFileType = wrapper.cfbundle; includeInIndex = 0; path = mlrVST.component; sourceTree = "BUILT_PRODUCTS_DIR"; };
		81567EBA449466A95492511B = { isa = PBXFileReference; lastKnownFileType = text.plist.xml; name = Info.plist; path = Info.plist; sourceTree = "SOURCE_ROOT"; };
		6D1E208BAB0190FAA087E890 = { isa = PBXFileReference; lastKnownFileType = sourcecode.cpp.cpp; name = AudioSample.cpp; path = ../../Source/AudioSample.cpp; sourceTree = "SOURCE_ROOT"; };
		05D517073C584412ECA97019 = { isa = PBXFileReference; lastKnownFileType = sourcecode.c.h; name = AudioSample.h; path = ../../Source/AudioSample.h; sourceTree = "SOURCE_ROOT"; };
		B50846B34831C2C28007BE7D = { isa = PBXFileReference; lastKnownFileType = sourcecode.cpp.cpp; name = PluginProcessor.cpp; path = ../../Source/PluginProcessor.cpp; sourceTree = "SOURCE_ROOT"; };
		CF304FBE4BC66783833C4B59 = { isa = PBXFileReference; lastKnownFileType = sourcecode.c.h; name = PluginProcessor.h; path = ../../Source/PluginProcessor.h; sourceTree = "SOURCE_ROOT"; };
		1FB22F6A54D93FF70EEDC138 = { isa = PBXFileReference; lastKnownFileType = sourcecode.cpp.cpp; name = SampleStrip.cpp; path = ../../Source/SampleStrip.cpp; sourceTree = "SOURCE_ROOT"; };
		AD73A2387C576C1939CD503C = { isa = PBXFileReference; lastKnownFileType = sourcecode.c.h; name = SampleStrip.h; path = ../../Source/SampleStrip.h; sourceTree = "SOURCE_ROOT"; };
		667D3E85F67932542A9B137E = { isa = PBXFileReference; lastKnownFileType = sourcecode.cpp.cpp; name = timedButton.cpp; path = ../../Source/timedButton.cpp; sourceTree = "SOURCE_ROOT"; };
		0D519B821B9CB886EC4892C1 = { isa = PBXFileReference; lastKnownFileType = sourcecode.c.h; name = timedButton.h; path = ../../Source/timedButton.h; sourceTree = "SOURCE_ROOT"; };
		9082B5CB0707A55D380CEC5B = { isa = PBXFileReference; lastKnownFileType = sourcecode.cpp.cpp; name = MappingPanel.cpp; path = ../../Source/MappingPanel.cpp; sourceTree = "SOURCE_ROOT"; };
		50DF4668F17E83681E5169B7 = { isa = PBXFileReference; lastKnownFileType = sourcecode.c.h; name = MappingPanel.h; path = ../../Source/MappingPanel.h; sourceTree = "SOURCE_ROOT"; };
		07B1785203CF423EA94D8647 = { isa = PBXFileReference; lastKnownFileType = sourcecode.cpp.cpp; name = PresetPanel.cpp; path = ../../Source/PresetPanel.cpp; sourceTree = "SOURCE_ROOT"; };
		7A14134A5205FA3C932AC4CB = { isa = PBXFileReference; lastKnownFileType = sourcecode.c.h; name = PresetPanel.h; path = ../../Source/PresetPanel.h; sourceTree = "SOURCE_ROOT"; };
		793DC9900836CAF01A8A930E = { isa = PBXFileReference; lastKnownFileType = sourcecode.cpp.cpp; name = SettingsPanel.cpp; path = ../../Source/SettingsPanel.cpp; sourceTree = "SOURCE_ROOT"; };
		446F8ABB3627870E9677DD4B = { isa = PBXFileReference; lastKnownFileType = sourcecode.c.h; name = SettingsPanel.h; path = ../../Source/SettingsPanel.h; sourceTree = "SOURCE_ROOT"; };
		A28E3E34EF0B83113A98EC5A = { isa = PBXFileReference; lastKnownFileType = sourcecode.cpp.cpp; name = SampleStripControl.cpp; path = ../../Source/SampleStripControl.cpp; sourceTree = "SOURCE_ROOT"; };
		A4D7A71359C7B27550B3E3F1 = { isa = PBXFileReference; lastKnownFileType = sourcecode.c.h; name = SampleStripControl.h; path = ../../Source/SampleStripControl.h; sourceTree = "SOURCE_ROOT"; };
		2C001306D198F8B21ABA7375 = { isa = PBXFileReference; lastKnownFileType = sourcecode.cpp.cpp; name = PluginEditor.cpp; path = ../../Source/PluginEditor.cpp; sourceTree = "SOURCE_ROOT"; };
		662507104D05B579BB68F391 = { isa = PBXFileReference; lastKnownFileType = sourcecode.c.h; name = PluginEditor.h; path = ../../Source/PluginEditor.h; sourceTree = "SOURCE_ROOT"; };
		D9AF16D6483120CC8A1261BC = { isa = PBXFileReference; lastKnownFileType = sourcecode.cpp.cpp; name = mlrVSTLookAndFeel.cpp; path = ../../Source/mlrVSTLookAndFeel.cpp; sourceTree = "SOURCE_ROOT"; };
		BDAA39A5DD9458C2514FAA7C = { isa = PBXFileReference; lastKnownFileType = sourcecode.c.h; name = mlrVSTLookAndFeel.h; path = ../../Source/mlrVSTLookAndFeel.h; sourceTree = "SOURCE_ROOT"; };
		2AE2C7CBA4A1FB3A3A12F9A1 = { isa = PBXFileReference; lastKnownFileType = sourcecode.cpp.cpp; name = OSCHandler.cpp; path = ../../Source/OSCHandler.cpp; sourceTree = "SOURCE_ROOT"; };
		E42B6A8CA5383E482B0EF184 = { isa = PBXFileReference; lastKnownFileType = sourcecode.c.h; name = OSCHandler.h; path = ../../Source/OSCHandler.h; sourceTree = "SOURCE_ROOT"; };
		BB1A433AFF3052D69935D407 = { isa = PBXFileReference; lastKnownFileType = image.png; name = locked.png; path = ../../Resources/locked.png; sourceTree = "SOURCE_ROOT"; };
		8842EDD1E4904CA4F4E27D75 = { isa = PBXFileReference; lastKnownFileType = image.png; name = unlocked.png; path = ../../Resources/unlocked.png; sourceTree = "SOURCE_ROOT"; };
		F706CB0FC91559D4D2BA6B4A = { isa = PBXFileReference; lastKnownFileType = file; name = silkfont; path = ../../Resources/silkfont; sourceTree = "SOURCE_ROOT"; };
		A4B19EBBB18BBA80B5570F42 = { isa = PBXFileReference; lastKnownFileType = file; name = CHANGES; path = ../../oscpack/CHANGES; sourceTree = "SOURCE_ROOT"; };
		100F8B40B69A9A1E784DCD02 = { isa = PBXFileReference; lastKnownFileType = sourcecode.cpp.cpp; name = IpEndpointName.cpp; path = ../../oscpack/ip/IpEndpointName.cpp; sourceTree = "SOURCE_ROOT"; };
		EAE9249A13F64389F0E25731 = { isa = PBXFileReference; lastKnownFileType = sourcecode.c.h; name = IpEndpointName.h; path = ../../oscpack/ip/IpEndpointName.h; sourceTree = "SOURCE_ROOT"; };
		7773D96196A335D8ABFFED99 = { isa = PBXFileReference; lastKnownFileType = sourcecode.c.h; name = NetworkingUtils.h; path = ../../oscpack/ip/NetworkingUtils.h; sourceTree = "SOURCE_ROOT"; };
		FA0A1C8CC14E1B7E67CB09BA = { isa = PBXFileReference; lastKnownFileType = sourcecode.c.h; name = PacketListener.h; path = ../../oscpack/ip/PacketListener.h; sourceTree = "SOURCE_ROOT"; };
		081AB423E54DC6F688023AC4 = { isa = PBXFileReference; lastKnownFileType = sourcecode.c.h; name = TimerListener.h; path = ../../oscpack/ip/TimerListener.h; sourceTree = "SOURCE_ROOT"; };
		A780E8A8BB90D8F9C4E66E43 = { isa = PBXFileReference; lastKnownFileType = sourcecode.c.h; name = UdpSocket.h; path = ../../oscpack/ip/UdpSocket.h; sourceTree = "SOURCE_ROOT"; };
		8E429F6F47FC51BB19636553 = { isa = PBXFileReference; lastKnownFileType = sourcecode.cpp.cpp; name = NetworkingUtils.cpp; path = ../../oscpack/ip/win32/NetworkingUtils.cpp; sourceTree = "SOURCE_ROOT"; };
		FF416AF914700894F05E475F = { isa = PBXFileReference; lastKnownFileType = sourcecode.cpp.cpp; name = UdpSocket.cpp; path = ../../oscpack/ip/win32/UdpSocket.cpp; sourceTree = "SOURCE_ROOT"; };
		EEEE1631605B40675AD32B58 = { isa = PBXFileReference; lastKnownFileType = sourcecode.cpp.cpp; name = NetworkingUtils.cpp; path = ../../oscpack/ip/posix/NetworkingUtils.cpp; sourceTree = "SOURCE_ROOT"; };
		97C1D4856FA6B4DAAFE50A4E = { isa = PBXFileReference; lastKnownFileType = sourcecode.cpp.cpp; name = UdpSocket.cpp; path = ../../oscpack/ip/posix/UdpSocket.cpp; sourceTree = "SOURCE_ROOT"; };
		6A257C0E891C9E46718E676A = { isa = PBXFileReference; lastKnownFileType = file; name = LICENSE; path = ../../oscpack/LICENSE; sourceTree = "SOURCE_ROOT"; };
		B3AC6640725AE90F6A6C8E76 = { isa = PBXFileReference; lastKnownFileType = sourcecode.c.h; name = MessageMappingOscPacketListener.h; path = ../../oscpack/osc/MessageMappingOscPacketListener.h; sourceTree = "SOURCE_ROOT"; };
		5D7BFEAE07F53C5384F1BC6E = { isa = PBXFileReference; lastKnownFileType = sourcecode.c.h; name = OscException.h; path = ../../oscpack/osc/OscException.h; sourceTree = "SOURCE_ROOT"; };
		71192341C1D86AD73EF8728F = { isa = PBXFileReference; lastKnownFileType = sourcecode.c.h; name = OscHostEndianness.h; path = ../../oscpack/osc/OscHostEndianness.h; sourceTree = "SOURCE_ROOT"; };
		3C52885E8AE69B042CD50D28 = { isa = PBXFileReference; lastKnownFileType = sourcecode.cpp.cpp; name = OscOutboundPacketStream.cpp; path = ../../oscpack/osc/OscOutboundPacketStream.cpp; sourceTree = "SOURCE_ROOT"; };
		F12B0CBAA27137063810DB4C = { isa = PBXFileReference; lastKnownFileType = sourcecode.c.h; name = OscOutboundPacketStream.h; path = ../../oscpack/osc/OscOutboundPacketStream.h; sourceTree = "SOURCE_ROOT"; };
		EB6B6342C109D13FB5505D17 = { isa = PBXFileReference; lastKnownFileType = sourcecode.c.h; name = OscPacketListener.h; path = ../../oscpack/osc/OscPacketListener.h; sourceTree = "SOURCE_ROOT"; };
		B564DB07AEF07EA43418BB94 = { isa = PBXFileReference; lastKnownFileType = sourcecode.cpp.cpp; name = OscPrintReceivedElements.cpp; path = ../../oscpack/osc/OscPrintReceivedElements.cpp; sourceTree = "SOURCE_ROOT"; };
		7D605CF990CB04AD95FAF174 = { isa = PBXFileReference; lastKnownFileType = sourcecode.c.h; name = OscPrintReceivedElements.h; path = ../../oscpack/osc/OscPrintReceivedElements.h; sourceTree = "SOURCE_ROOT"; };
		3756318EB00CFF5F9768CDF5 = { isa = PBXFileReference; lastKnownFileType = sourcecode.cpp.cpp; name = OscReceivedElements.cpp; path = ../../oscpack/osc/OscReceivedElements.cpp; sourceTree = "SOURCE_ROOT"; };
		58BD5B97EDD234FAC87D81FE = { isa = PBXFileReference; lastKnownFileType = sourcecode.c.h; name = OscReceivedElements.h; path = ../../oscpack/osc/OscReceivedElements.h; sourceTree = "SOURCE_ROOT"; };
		2B1CE71C546B107666DC73CE = { isa = PBXFileReference; lastKnownFileType = sourcecode.cpp.cpp; name = OscTypes.cpp; path = ../../oscpack/osc/OscTypes.cpp; sourceTree = "SOURCE_ROOT"; };
		77F857CFB314E3E80593452F = { isa = PBXFileReference; lastKnownFileType = sourcecode.c.h; name = OscTypes.h; path = ../../oscpack/osc/OscTypes.h; sourceTree = "SOURCE_ROOT"; };
		1B1FE8A33C30E3FAE29760D9 = { isa = PBXFileReference; lastKnownFileType = file; name = README; path = ../../oscpack/README; sourceTree = "SOURCE_ROOT"; };
		5D8977B7609129372BC34EBD = { isa = PBXFileReference; lastKnownFileType = file; name = TODO; path = ../../oscpack/TODO; sourceTree = "SOURCE_ROOT"; };
		7917926363A521E59517E86C = { isa = PBXFileReference; lastKnownFileType = sourcecode.cpp.cpp; name = "juce_VST_Wrapper.cpp"; path = "../../../JUCE/src/audio/plugin_client/VST/juce_VST_Wrapper.cpp"; sourceTree = "SOURCE_ROOT"; };
		A6CF7D26F81253A3E1D13CBF = { isa = PBXFileReference; lastKnownFileType = sourcecode.cpp.objcpp; name = "juce_VST_Wrapper.mm"; path = "../../../JUCE/src/audio/plugin_client/VST/juce_VST_Wrapper.mm"; sourceTree = "SOURCE_ROOT"; };
		55F13334336342B374FA505C = { isa = PBXFileReference; lastKnownFileType = sourcecode.c.h; name = AppConfig.h; path = ../../JuceLibraryCode/AppConfig.h; sourceTree = "SOURCE_ROOT"; };
		6DA9DF39A55A53E6BED85E12 = { isa = PBXFileReference; lastKnownFileType = sourcecode.cpp.cpp; name = BinaryData.cpp; path = ../../JuceLibraryCode/BinaryData.cpp; sourceTree = "SOURCE_ROOT"; };
		33384CC0D93E8CDA25D8B31D = { isa = PBXFileReference; lastKnownFileType = sourcecode.c.h; name = BinaryData.h; path = ../../JuceLibraryCode/BinaryData.h; sourceTree = "SOURCE_ROOT"; };
		1C7D0AE1352D6713D906C4AB = { isa = PBXFileReference; lastKnownFileType = sourcecode.c.h; name = JuceHeader.h; path = ../../JuceLibraryCode/JuceHeader.h; sourceTree = "SOURCE_ROOT"; };
		21CE5C9490494A2139D61408 = { isa = PBXFileReference; lastKnownFileType = sourcecode.cpp.objcpp; name = JuceLibraryCode1.mm; path = ../../JuceLibraryCode/JuceLibraryCode1.mm; sourceTree = "SOURCE_ROOT"; };
		6AE52580AD24BD551DB99758 = { isa = PBXFileReference; lastKnownFileType = sourcecode.cpp.objcpp; name = JuceLibraryCode2.mm; path = ../../JuceLibraryCode/JuceLibraryCode2.mm; sourceTree = "SOURCE_ROOT"; };
		B31CFE8BBA103078E19D1B97 = { isa = PBXFileReference; lastKnownFileType = sourcecode.cpp.objcpp; name = JuceLibraryCode3.mm; path = ../../JuceLibraryCode/JuceLibraryCode3.mm; sourceTree = "SOURCE_ROOT"; };
		FD33B687C6FBA3ABC581AFD7 = { isa = PBXFileReference; lastKnownFileType = sourcecode.cpp.objcpp; name = JuceLibraryCode4.mm; path = ../../JuceLibraryCode/JuceLibraryCode4.mm; sourceTree = "SOURCE_ROOT"; };
		DF8AD10F6B21858C3378B63F = { isa = PBXFileReference; lastKnownFileType = sourcecode.c.h; name = JucePluginCharacteristics.h; path = ../../JuceLibraryCode/JucePluginCharacteristics.h; sourceTree = "SOURCE_ROOT"; };
		4CB5D7BD8FB86ECCFDA3298A = { isa = PBXGroup; children = (
				6D1E208BAB0190FAA087E890,
				05D517073C584412ECA97019,
				B50846B34831C2C28007BE7D,
				CF304FBE4BC66783833C4B59,
				1FB22F6A54D93FF70EEDC138,
				AD73A2387C576C1939CD503C ); name = audio; sourceTree = "<group>"; };
		88D1EB896A7079048905F438 = { isa = PBXGroup; children = (
				667D3E85F67932542A9B137E,
				0D519B821B9CB886EC4892C1 ); name = buttons; sourceTree = "<group>"; };
		C171357724BF5D358D81DF3F = { isa = PBXGroup; children = (
				9082B5CB0707A55D380CEC5B,
				50DF4668F17E83681E5169B7,
				07B1785203CF423EA94D8647,
				7A14134A5205FA3C932AC4CB,
				793DC9900836CAF01A8A930E,
				446F8ABB3627870E9677DD4B ); name = panels; sourceTree = "<group>"; };
		67D512F7515354D54B4C097B = { isa = PBXGroup; children = (
				88D1EB896A7079048905F438,
				C171357724BF5D358D81DF3F,
				A28E3E34EF0B83113A98EC5A,
				A4D7A71359C7B27550B3E3F1,
				2C001306D198F8B21ABA7375,
				662507104D05B579BB68F391,
				D9AF16D6483120CC8A1261BC,
				BDAA39A5DD9458C2514FAA7C ); name = gui; sourceTree = "<group>"; };
		159952424CB3D100D4EF7D02 = { isa = PBXGroup; children = (
				2AE2C7CBA4A1FB3A3A12F9A1,
				E42B6A8CA5383E482B0EF184 ); name = other; sourceTree = "<group>"; };
		2D0492616DF8861CA45D7FFE = { isa = PBXGroup; children = (
				BB1A433AFF3052D69935D407,
				8842EDD1E4904CA4F4E27D75,
				F706CB0FC91559D4D2BA6B4A ); name = Resources; sourceTree = "<group>"; };
		C1D6642A841F82D53B9C5E36 = { isa = PBXGroup; children = (
				8E429F6F47FC51BB19636553,
				FF416AF914700894F05E475F ); name = win32; sourceTree = "<group>"; };
		F2E9E3B01E2A43933BF13455 = { isa = PBXGroup; children = (
				EEEE1631605B40675AD32B58,
				97C1D4856FA6B4DAAFE50A4E ); name = posix; sourceTree = "<group>"; };
		8F576857FFEFC43A02AC0D77 = { isa = PBXGroup; children = (
				100F8B40B69A9A1E784DCD02,
				EAE9249A13F64389F0E25731,
				7773D96196A335D8ABFFED99,
				FA0A1C8CC14E1B7E67CB09BA,
				081AB423E54DC6F688023AC4,
				A780E8A8BB90D8F9C4E66E43,
				C1D6642A841F82D53B9C5E36,
				F2E9E3B01E2A43933BF13455 ); name = ip; sourceTree = "<group>"; };
		9B121A9AF1F8B808EEEC0F84 = { isa = PBXGroup; children = (
				B3AC6640725AE90F6A6C8E76,
				5D7BFEAE07F53C5384F1BC6E,
				71192341C1D86AD73EF8728F,
				3C52885E8AE69B042CD50D28,
				F12B0CBAA27137063810DB4C,
				EB6B6342C109D13FB5505D17,
				B564DB07AEF07EA43418BB94,
				7D605CF990CB04AD95FAF174,
				3756318EB00CFF5F9768CDF5,
				58BD5B97EDD234FAC87D81FE,
				2B1CE71C546B107666DC73CE,
				77F857CFB314E3E80593452F ); name = osc; sourceTree = "<group>"; };
		A35F68819EC55402CD88DA24 = { isa = PBXGroup; children = (
				A4B19EBBB18BBA80B5570F42,
				8F576857FFEFC43A02AC0D77,
				6A257C0E891C9E46718E676A,
				9B121A9AF1F8B808EEEC0F84,
				1B1FE8A33C30E3FAE29760D9,
				5D8977B7609129372BC34EBD ); name = oscpack; sourceTree = "<group>"; };
		E1C5E3C67B4A2621AD2D3E05 = { isa = PBXGroup; children = (
				4CB5D7BD8FB86ECCFDA3298A,
				67D512F7515354D54B4C097B,
				159952424CB3D100D4EF7D02,
				2D0492616DF8861CA45D7FFE,
				A35F68819EC55402CD88DA24 ); name = mlrVST; sourceTree = "<group>"; };
		B7F037957C49AE7943C354C9 = { isa = PBXGroup; children = (
				7917926363A521E59517E86C,
				A6CF7D26F81253A3E1D13CBF ); name = "Juce VST Wrapper"; sourceTree = "<group>"; };
		C3E8F897FB646B0E8E7FC67C = { isa = PBXGroup; children = (
				55F13334336342B374FA505C,
				6DA9DF39A55A53E6BED85E12,
				33384CC0D93E8CDA25D8B31D,
				1C7D0AE1352D6713D906C4AB,
				21CE5C9490494A2139D61408,
				6AE52580AD24BD551DB99758,
				B31CFE8BBA103078E19D1B97,
				FD33B687C6FBA3ABC581AFD7,
				DF8AD10F6B21858C3378B63F ); name = "Juce Library Code"; sourceTree = "<group>"; };
		7756687B5FD0903C5F83BB9E = { isa = PBXGroup; children = (
				81567EBA449466A95492511B ); name = Resources; sourceTree = "<group>"; };
		9B041E4036493224CFD075FF = { isa = PBXGroup; children = (
				E226D5DEE103B1E298BD6E3E,
				D036C01DC0E376205ABAA0CE,
				91F0411829B13595887CE52A,
				41FDE3A9AC13B3D1F230088E,
				88C8229131104E50F4F0D137,
				423550EB3CF502541882C50E,
				A2A2E49121DBB7C395E2420A,
				FBA2E307398FFC8A2693C933,
				B4F88060202011416CB3278B,
				B050085463EEB5F8367314CB,
				678CC9E413A7CF979964CEF7,
				01A30B0A0B9B5064D9B75474 ); name = Frameworks; sourceTree = "<group>"; };
		A60AEBCC9579AD6BA9D5CA4B = { isa = PBXGroup; children = (
				AF721FB8136D2CAA9404AD8D ); name = Products; sourceTree = "<group>"; };
		9DC33026DCB453C5B40EA9B3 = { isa = PBXGroup; children = (
				E1C5E3C67B4A2621AD2D3E05,
				B7F037957C49AE7943C354C9,
				C3E8F897FB646B0E8E7FC67C,
				7756687B5FD0903C5F83BB9E,
				9B041E4036493224CFD075FF,
				A60AEBCC9579AD6BA9D5CA4B ); name = Source; sourceTree = "<group>"; };
		6B24C2D519EB1D09B3C748EC = { isa = XCBuildConfiguration; buildSettings = {
				PREBINDING = NO;
				HEADER_SEARCH_PATHS = "../../../vstsdk2.4 ../../oscpack/ $(inherited)";
				GCC_OPTIMIZATION_LEVEL = 0;
				INFOPLIST_FILE = Info.plist;
				INSTALL_PATH = "$(HOME)/Library/Audio/Plug-Ins/Components/";
				LIBRARY_STYLE = Bundle;
				WRAPPER_EXTENSION = component;
				GENERATE_PKGINFO_FILE = YES;
				OTHER_REZFLAGS = "-d ppc_$ppc -d i386_$i386 -d ppc64_$ppc64 -d x86_64_$x86_64 -I /System/Library/Frameworks/CoreServices.framework/Frameworks/CarbonCore.framework/Versions/A/Headers -I \"$(DEVELOPER_DIR)/Extras/CoreAudio/AudioUnits/AUPublic/AUBase\"";
				MACOSX_DEPLOYMENT_TARGET_ppc = 10.4;
				OTHER_LDFLAGS = "-bundle";
				ONLY_ACTIVE_ARCH = YES;
				COPY_PHASE_STRIP = NO;
				GCC_DYNAMIC_NO_PIC = NO;
				GCC_ENABLE_FIX_AND_CONTINUE = NO;
				GCC_PREPROCESSOR_DEFINITIONS = (
				"_DEBUG=1",
				"DEBUG=1",
				"JUCE_ObjCExtraSuffix=mlrVST",
				"JUCER_XCODE_MAC_F6D2F4CF=1"); }; name = Debug; };
		F4B05B483343A2F3C923C6B4 = { isa = XCBuildConfiguration; buildSettings = {
				PREBINDING = NO;
				HEADER_SEARCH_PATHS = "../../../vstsdk2.4 ../../oscpack/ $(inherited)";
				GCC_OPTIMIZATION_LEVEL = 3;
				INFOPLIST_FILE = Info.plist;
				INSTALL_PATH = "$(HOME)/Library/Audio/Plug-Ins/Components/";
				LIBRARY_STYLE = Bundle;
				WRAPPER_EXTENSION = component;
				GENERATE_PKGINFO_FILE = YES;
				OTHER_REZFLAGS = "-d ppc_$ppc -d i386_$i386 -d ppc64_$ppc64 -d x86_64_$x86_64 -I /System/Library/Frameworks/CoreServices.framework/Frameworks/CarbonCore.framework/Versions/A/Headers -I \"$(DEVELOPER_DIR)/Extras/CoreAudio/AudioUnits/AUPublic/AUBase\"";
				MACOSX_DEPLOYMENT_TARGET_ppc = 10.4;
				OTHER_LDFLAGS = "-bundle";
				GCC_GENERATE_DEBUGGING_SYMBOLS = NO;
				GCC_SYMBOLS_PRIVATE_EXTERN = YES;
				GCC_PREPROCESSOR_DEFINITIONS = (
				"_NDEBUG=1",
				"NDEBUG=1",
				"JUCE_ObjCExtraSuffix=mlrVST",
				"JUCER_XCODE_MAC_F6D2F4CF=1"); }; name = Release; };
		F6631902F8DE12E2C2C34B71 = { isa = XCBuildConfiguration; buildSettings = {
				ALWAYS_SEARCH_USER_PATHS = NO;
				GCC_C_LANGUAGE_STANDARD = c99;
				GCC_WARN_ABOUT_RETURN_TYPE = YES;
				GCC_WARN_CHECK_SWITCH_STATEMENTS = YES;
				GCC_WARN_UNUSED_VARIABLE = YES;
				GCC_WARN_MISSING_PARENTHESES = YES;
				GCC_WARN_NON_VIRTUAL_DESTRUCTOR = YES;
				GCC_WARN_TYPECHECK_CALLS_TO_PRINTF = YES;
				WARNING_CFLAGS = -Wreorder;
				GCC_MODEL_TUNING = G5;
				GCC_INLINES_ARE_PRIVATE_EXTERN = YES;
				ZERO_LINK = NO;
				DEBUG_INFORMATION_FORMAT = "dwarf";
				PRODUCT_NAME = "mlrVST"; }; name = Debug; };
		D9F9CC7EC1952477F7915D84 = { isa = XCBuildConfiguration; buildSettings = {
				ALWAYS_SEARCH_USER_PATHS = NO;
				GCC_C_LANGUAGE_STANDARD = c99;
				GCC_WARN_ABOUT_RETURN_TYPE = YES;
				GCC_WARN_CHECK_SWITCH_STATEMENTS = YES;
				GCC_WARN_UNUSED_VARIABLE = YES;
				GCC_WARN_MISSING_PARENTHESES = YES;
				GCC_WARN_NON_VIRTUAL_DESTRUCTOR = YES;
				GCC_WARN_TYPECHECK_CALLS_TO_PRINTF = YES;
				WARNING_CFLAGS = -Wreorder;
				GCC_MODEL_TUNING = G5;
				GCC_INLINES_ARE_PRIVATE_EXTERN = YES;
				ZERO_LINK = NO;
				DEBUG_INFORMATION_FORMAT = "dwarf";
				PRODUCT_NAME = "mlrVST"; }; name = Release; };
		91EB753864A948DE4421285E = { isa = XCConfigurationList; buildConfigurations = (
				F6631902F8DE12E2C2C34B71,
				D9F9CC7EC1952477F7915D84 ); defaultConfigurationIsVisible = 0; defaultConfigurationName = Debug; };
		392E8263441DF125E3215D42 = { isa = XCConfigurationList; buildConfigurations = (
				6B24C2D519EB1D09B3C748EC,
				F4B05B483343A2F3C923C6B4 ); defaultConfigurationIsVisible = 0; defaultConfigurationName = Debug; };
		145D936BBD5425D74172B206 = { isa = PBXResourcesBuildPhase; buildActionMask = 2147483647; files = (  ); runOnlyForDeploymentPostprocessing = 0; };
		F0F39FCA8C402F34BB74F6B3 = { isa = PBXSourcesBuildPhase; buildActionMask = 2147483647; files = (
				50BB992879D853F89A96A73B,
				5AF66C048A4815F5A8ECDDCD,
				931B1CF382776BF5A1302413,
				594A16C3B32313538E3E85A0,
				D2B5BA4A2E487A8088C286C7,
				78C5C5083747BFB8760A0E26,
				026D6BBF5C4DAA3BFA4314D5,
				FDB2EADB6866550CDEEEB0B6,
				209FB8C7F7BE85A70E5D98D7,
				FCBE5E362D27F4526E87D77F,
				26077AC57F272FA5055A1B46,
				31FD9D2EC6D46B84967F0D35,
				9D879FBEBEB5094ADF4DE490,
				E860CC045C21B1D7974B511B,
				9CC8E0CA3EF9A6A071F6FAB3,
				A7452B58497403DFA028A368,
				5FDB051DD5B7AEC62DD36D89,
				521F3A813342566F8F7B5747,
				4A5D916395813B4FC0643D95,
				A623B3A5A7DC45F4CDB477F3,
				F75BF174D28D9F1A335352AD,
				99CB24952ADDDFA320CB3B23,
				9551342606A895BB5BA07F2E,
				A1E844C7D2636CC38585B429,
				BD7E5458BE2F33DBBF5AF834 ); runOnlyForDeploymentPostprocessing = 0; };
		9519B014653C694C3456E5A4 = { isa = PBXFrameworksBuildPhase; buildActionMask = 2147483647; files = (
				AC674433358C3691C8AC20AF,
				449473E31270237B0FFEBE72,
				0860A8808F16C84CE7641D04,
				EF358E6194DB7EE60A1CE13D,
				53E2C1531CB485CCDD230774,
				B9C31FD116F29E7E4752EB90,
				AFB1D55C5DA4C99D90DF3A6A,
				370C0F92C3CC1B6C563A7A94,
				205AA28314AC784F2CF1FA98,
				68746D242F6A6102FDD5D03D,
				CBE9E6042991B0677E3136D2,
				73B8F48633153DA5A10873E8 ); runOnlyForDeploymentPostprocessing = 0; };
		06539322921079C10A447670 = { isa = PBXShellScriptBuildPhase; buildActionMask = 2147483647; files = (  ); runOnlyForDeploymentPostprocessing = 0; name = "Copy to the different plugin folders"; shellPath = /bin/sh; shellScript = "\n# This script takes the build product and copies it to the AU, VST, and RTAS folders, depending on \n# which plugin types you've built\n\noriginal=$CONFIGURATION_BUILD_DIR/$FULL_PRODUCT_NAME\n\n# this looks inside the binary to detect which platforms are needed.. \ncopyAU=`nm -g \"$CONFIGURATION_BUILD_DIR/$EXECUTABLE_PATH\" | grep -i 'AudioUnit' | wc -l`\ncopyVST=`nm -g \"$CONFIGURATION_BUILD_DIR/$EXECUTABLE_PATH\" | grep -i 'VSTPlugin' | wc -l`\ncopyRTAS=`nm -g \"$CONFIGURATION_BUILD_DIR/$EXECUTABLE_PATH\" | grep -i 'CProcess' | wc -l`\n\nif [ $copyAU -gt 0 ]; then\n  echo \"Copying to AudioUnit folder...\"\n  AU=~/Library/Audio/Plug-Ins/Components/$PRODUCT_NAME.component\n  if [ -d \"$AU\" ]; then \n    rm -r \"$AU\"\n  fi\n\n  cp -r \"$original\" \"$AU\"\n  sed -i \"\" -e 's/TDMwPTul/BNDLPTul/g' \"$AU/Contents/PkgInfo\"\n  sed -i \"\" -e 's/TDMw/BNDL/g' \"$AU/Contents/$INFOPLIST_FILE\"\nfi\n\nif [ $copyVST -gt 0 ]; then\n  echo \"Copying to VST folder...\"\n  VST=~/Library/Audio/Plug-Ins/VST/$PRODUCT_NAME.vst\n  if [ -d \"$VST\" ]; then \n    rm -r \"$VST\"\n  fi\n\n  cp -r \"$original\" \"$VST\"\n  sed -i \"\" -e 's/TDMwPTul/BNDLPTul/g' \"$VST/Contents/PkgInfo\"\n  sed -i \"\" -e 's/TDMw/BNDL/g' \"$VST/Contents/$INFOPLIST_FILE\"\nfi\n\nif [ $copyRTAS -gt 0 ]; then\n  echo \"Copying to RTAS folder...\"\n  RTAS=/Library/Application\\ Support/Digidesign/Plug-Ins/$PRODUCT_NAME.dpm\n  if [ -d \"$RTAS\" ]; then\n    rm -r \"$RTAS\"\n  fi\n\n  cp -r \"$original\" \"$RTAS\"\nfi\n"; };
		792509270ABF8E6A65E16172 = { isa = PBXNativeTarget; buildConfigurationList = 392E8263441DF125E3215D42; buildPhases = (
				145D936BBD5425D74172B206,
				F0F39FCA8C402F34BB74F6B3,
				9519B014653C694C3456E5A4,
				06539322921079C10A447670 ); buildRules = ( ); dependencies = ( ); name = mlrVST; productName = mlrVST; productReference = AF721FB8136D2CAA9404AD8D; productInstallPath = "$(HOME)/Library/Audio/Plug-Ins/Components/"; productType = "com.apple.product-type.bundle"; };
		64CEAC70FBD5AC5BD1D686C9 = { isa = PBXProject; buildConfigurationList = 91EB753864A948DE4421285E; compatibilityVersion = "Xcode 3.1"; hasScannedForEncodings = 0; mainGroup = 9DC33026DCB453C5B40EA9B3; projectDirPath = ""; projectRoot = ""; targets = ( 792509270ABF8E6A65E16172 ); };
	};
	rootObject = 64CEAC70FBD5AC5BD1D686C9;
}
